{
  "requires": true,
  "lockfileVersion": 1,
  "dependencies": {
    "@angular/material": {
      "version": "13.1.1",
      "resolved": "https://registry.npmjs.org/@angular/material/-/material-13.1.1.tgz",
      "integrity": "sha512-kKWZBhnzuBYAVO1nrkqEaVTCJ2onEWs+tzAJDIlmbo9USiQyVCnFXx+rs86m4kRUxeAAZ9mcW5BGJr6oy5ClCA==",
      "requires": {
        "tslib": "^2.3.0"
      }
    },
    "ts-md5": {
      "version": "1.2.10",
      "resolved": "https://registry.npmjs.org/ts-md5/-/ts-md5-1.2.10.tgz",
      "integrity": "sha512-ZpBxcZRHSqVMWU4lE6pTMM6PTxSNZM6ziLwasimxxE/SiItgdalL8bKproawJ+6cPR4M2mSD4+cAgt90VYzjUQ=="
    },
    "tslib": {
      "version": "2.3.1",
      "resolved": "https://registry.npmjs.org/tslib/-/tslib-2.3.1.tgz",
      "integrity": "sha512-77EbyPPpMz+FRFRuAFlWMtmgUWGe9UOG2Z25NqCwiIjRhOf5iKGuzSe5P2w1laq+FkRy4p+PCuVkJSGkzTEKVw=="
    }
  }
}
